
Microsoft Visual Studio Solution File, Format Version 12.00
Project("{FAE04EC0-301F-11D3-BF4B-00C04F79EFBC}") = "WinForms", "WinForms\WinForms.csproj", "{1C2DC329-F5A0-4AC4-97B0-3B9CFF9C7573}"
EndProject
Project("{FAE04EC0-301F-11D3-BF4B-00C04F79EFBC}") = "SpreadsheetEngine", "SpreadsheetEngine\SpreadsheetEngine.csproj", "{9C4E95A5-22AE-46A7-AA9D-1A5607426394}"
EndProject
Project("{FAE04EC0-301F-11D3-BF4B-00C04F79EFBC}") = "Spreadsheet", "Spreadsheet\Spreadsheet.csproj", "{4A0BB868-2C88-479D-B779-64B1E5AAE0A8}"
EndProject
Project("{FAE04EC0-301F-11D3-BF4B-00C04F79EFBC}") = "SpreadsheetEngineTest", "SpreadsheetEngineTest\SpreadsheetEngineTest.csproj", "{073DEBAB-202F-41BF-87D1-1FB8DBE309F4}"
EndProject
Project("{FAE04EC0-301F-11D3-BF4B-00C04F79EFBC}") = "Log", "Log\Log.csproj", "{6BDEBD08-24E0-4EF7-99A2-B153139522CE}"
EndProject
Project("{FAE04EC0-301F-11D3-BF4B-00C04F79EFBC}") = "CptS321", "CptS321\CptS321.csproj", "{F1BC790E-CABF-4AD0-9E6E-CB8EDA8FA422}"
EndProject
Global
	GlobalSection(SolutionConfigurationPlatforms) = preSolution
		Debug|Any CPU = Debug|Any CPU
		Release|Any CPU = Release|Any CPU
	EndGlobalSection
	GlobalSection(ProjectConfigurationPlatforms) = postSolution
		{1C2DC329-F5A0-4AC4-97B0-3B9CFF9C7573}.Debug|Any CPU.ActiveCfg = Debug|Any CPU
		{1C2DC329-F5A0-4AC4-97B0-3B9CFF9C7573}.Debug|Any CPU.Build.0 = Debug|Any CPU
		{1C2DC329-F5A0-4AC4-97B0-3B9CFF9C7573}.Release|Any CPU.ActiveCfg = Release|Any CPU
		{1C2DC329-F5A0-4AC4-97B0-3B9CFF9C7573}.Release|Any CPU.Build.0 = Release|Any CPU
		{9C4E95A5-22AE-46A7-AA9D-1A5607426394}.Debug|Any CPU.ActiveCfg = Debug|Any CPU
		{9C4E95A5-22AE-46A7-AA9D-1A5607426394}.Debug|Any CPU.Build.0 = Debug|Any CPU
		{9C4E95A5-22AE-46A7-AA9D-1A5607426394}.Release|Any CPU.ActiveCfg = Release|Any CPU
		{9C4E95A5-22AE-46A7-AA9D-1A5607426394}.Release|Any CPU.Build.0 = Release|Any CPU
		{4A0BB868-2C88-479D-B779-64B1E5AAE0A8}.Debug|Any CPU.ActiveCfg = Debug|Any CPU
		{4A0BB868-2C88-479D-B779-64B1E5AAE0A8}.Debug|Any CPU.Build.0 = Debug|Any CPU
		{4A0BB868-2C88-479D-B779-64B1E5AAE0A8}.Release|Any CPU.ActiveCfg = Release|Any CPU
		{4A0BB868-2C88-479D-B779-64B1E5AAE0A8}.Release|Any CPU.Build.0 = Release|Any CPU
		{073DEBAB-202F-41BF-87D1-1FB8DBE309F4}.Debug|Any CPU.ActiveCfg = Debug|Any CPU
		{073DEBAB-202F-41BF-87D1-1FB8DBE309F4}.Debug|Any CPU.Build.0 = Debug|Any CPU
		{073DEBAB-202F-41BF-87D1-1FB8DBE309F4}.Release|Any CPU.ActiveCfg = Release|Any CPU
		{073DEBAB-202F-41BF-87D1-1FB8DBE309F4}.Release|Any CPU.Build.0 = Release|Any CPU
		{6BDEBD08-24E0-4EF7-99A2-B153139522CE}.Debug|Any CPU.ActiveCfg = Debug|Any CPU
		{6BDEBD08-24E0-4EF7-99A2-B153139522CE}.Debug|Any CPU.Build.0 = Debug|Any CPU
		{6BDEBD08-24E0-4EF7-99A2-B153139522CE}.Release|Any CPU.ActiveCfg = Release|Any CPU
		{6BDEBD08-24E0-4EF7-99A2-B153139522CE}.Release|Any CPU.Build.0 = Release|Any CPU
		{F1BC790E-CABF-4AD0-9E6E-CB8EDA8FA422}.Debug|Any CPU.ActiveCfg = Debug|Any CPU
		{F1BC790E-CABF-4AD0-9E6E-CB8EDA8FA422}.Debug|Any CPU.Build.0 = Debug|Any CPU
		{F1BC790E-CABF-4AD0-9E6E-CB8EDA8FA422}.Release|Any CPU.ActiveCfg = Release|Any CPU
		{F1BC790E-CABF-4AD0-9E6E-CB8EDA8FA422}.Release|Any CPU.Build.0 = Release|Any CPU
	EndGlobalSection
EndGlobal
